
Microsoft Visual Studio Solution File, Format Version 12.00
# Visual Studio Version 16
VisualStudioVersion = 16.0.30717.126
MinimumVisualStudioVersion = 10.0.40219.1
Project("{FAE04EC0-301F-11D3-BF4B-00C04F79EFBC}") = "consoleTask_7_1", "consoleTask_7_1\consoleTask_7_1.csproj", "{74639BA5-048B-493F-A3F0-885CFB9349ED}"
EndProject
Global
	GlobalSection(SolutionConfigurationPlatforms) = preSolution
		Debug|Any CPU = Debug|Any CPU
		Release|Any CPU = Release|Any CPU
	EndGlobalSection
	GlobalSection(ProjectConfigurationPlatforms) = postSolution
		{74639BA5-048B-493F-A3F0-885CFB9349ED}.Debug|Any CPU.ActiveCfg = Debug|Any CPU
		{74639BA5-048B-493F-A3F0-885CFB9349ED}.Debug|Any CPU.Build.0 = Debug|Any CPU
		{74639BA5-048B-493F-A3F0-885CFB9349ED}.Release|Any CPU.ActiveCfg = Release|Any CPU
		{74639BA5-048B-493F-A3F0-885CFB9349ED}.Release|Any CPU.Build.0 = Release|Any CPU
	EndGlobalSection
	GlobalSection(SolutionProperties) = preSolution
		HideSolutionNode = FALSE
	EndGlobalSection
	GlobalSection(ExtensibilityGlobals) = postSolution
		SolutionGuid = {28D3903D-4E3D-48FB-8881-21D0189C5731}
	EndGlobalSection
EndGlobal
