
Microsoft Visual Studio Solution File, Format Version 12.00
# Visual Studio Version 16
VisualStudioVersion = 16.0.30717.126
MinimumVisualStudioVersion = 10.0.40219.1
Project("{FAE04EC0-301F-11D3-BF4B-00C04F79EFBC}") = "consoleTask_9_2", "consoleTask_9_2\consoleTask_9_2.csproj", "{7F21F8F2-187C-44D6-8A65-7E9A16BDDFCB}"
EndProject
Global
	GlobalSection(SolutionConfigurationPlatforms) = preSolution
		Debug|Any CPU = Debug|Any CPU
		Release|Any CPU = Release|Any CPU
	EndGlobalSection
	GlobalSection(ProjectConfigurationPlatforms) = postSolution
		{7F21F8F2-187C-44D6-8A65-7E9A16BDDFCB}.Debug|Any CPU.ActiveCfg = Debug|Any CPU
		{7F21F8F2-187C-44D6-8A65-7E9A16BDDFCB}.Debug|Any CPU.Build.0 = Debug|Any CPU
		{7F21F8F2-187C-44D6-8A65-7E9A16BDDFCB}.Release|Any CPU.ActiveCfg = Release|Any CPU
		{7F21F8F2-187C-44D6-8A65-7E9A16BDDFCB}.Release|Any CPU.Build.0 = Release|Any CPU
	EndGlobalSection
	GlobalSection(SolutionProperties) = preSolution
		HideSolutionNode = FALSE
	EndGlobalSection
	GlobalSection(ExtensibilityGlobals) = postSolution
		SolutionGuid = {02ADDBD8-083F-4809-A51E-F1F828E1916E}
	EndGlobalSection
EndGlobal
